// !$*UTF8*$!
{
	archiveVersion = 1;
	classes = {
	};
	objectVersion = 56;
	objects = {

/* Begin PBXBuildFile section */
		AF11677B29DC93F500059815 /* CoreDataManager.swift in Sources */ = {isa = PBXBuildFile; fileRef = AF11677A29DC93F500059815 /* CoreDataManager.swift */; };
		AF1A101F29DF3041004D90EF /* DetailViewController.swift in Sources */ = {isa = PBXBuildFile; fileRef = AF1A101E29DF3041004D90EF /* DetailViewController.swift */; };
		AF1A102129E07315004D90EF /* UIColor+Extension.swift in Sources */ = {isa = PBXBuildFile; fileRef = AF1A102029E07315004D90EF /* UIColor+Extension.swift */; };
		AF5DB6C429DC75C3002FD170 /* AppDelegate.swift in Sources */ = {isa = PBXBuildFile; fileRef = AF5DB6C329DC75C3002FD170 /* AppDelegate.swift */; };
		AF5DB6C629DC75C3002FD170 /* SceneDelegate.swift in Sources */ = {isa = PBXBuildFile; fileRef = AF5DB6C529DC75C3002FD170 /* SceneDelegate.swift */; };
		AF5DB6C829DC75C3002FD170 /* ViewController.swift in Sources */ = {isa = PBXBuildFile; fileRef = AF5DB6C729DC75C3002FD170 /* ViewController.swift */; };
		AF5DB6CB29DC75C3002FD170 /* Main.storyboard in Resources */ = {isa = PBXBuildFile; fileRef = AF5DB6C929DC75C3002FD170 /* Main.storyboard */; };
		AF5DB6CE29DC75C3002FD170 /* TodoApp.xcdatamodeld in Sources */ = {isa = PBXBuildFile; fileRef = AF5DB6CC29DC75C3002FD170 /* TodoApp.xcdatamodeld */; };
		AF5DB6D029DC75C4002FD170 /* Assets.xcassets in Resources */ = {isa = PBXBuildFile; fileRef = AF5DB6CF29DC75C4002FD170 /* Assets.xcassets */; };
		AF5DB6D329DC75C4002FD170 /* LaunchScreen.storyboard in Resources */ = {isa = PBXBuildFile; fileRef = AF5DB6D129DC75C4002FD170 /* LaunchScreen.storyboard */; };
		AF5DB6DE29DC815A002FD170 /* MemoData+CoreDataClass.swift in Sources */ = {isa = PBXBuildFile; fileRef = AF5DB6DC29DC815A002FD170 /* MemoData+CoreDataClass.swift */; };
		AF5DB6DF29DC815A002FD170 /* MemoData+CoreDataProperties.swift in Sources */ = {isa = PBXBuildFile; fileRef = AF5DB6DD29DC815A002FD170 /* MemoData+CoreDataProperties.swift */; };
		AF5DB6E529DC8BF7002FD170 /* MyColor.swift in Sources */ = {isa = PBXBuildFile; fileRef = AF5DB6E429DC8BF7002FD170 /* MyColor.swift */; };
		AF5DB6E729DC8D3A002FD170 /* ToDoCell.swift in Sources */ = {isa = PBXBuildFile; fileRef = AF5DB6E629DC8D3A002FD170 /* ToDoCell.swift */; };
/* End PBXBuildFile section */

/* Begin PBXFileReference section */
		AF11677A29DC93F500059815 /* CoreDataManager.swift */ = {isa = PBXFileReference; lastKnownFileType = sourcecode.swift; path = CoreDataManager.swift; sourceTree = "<group>"; };
		AF1A101E29DF3041004D90EF /* DetailViewController.swift */ = {isa = PBXFileReference; lastKnownFileType = sourcecode.swift; path = DetailViewController.swift; sourceTree = "<group>"; };
		AF1A102029E07315004D90EF /* UIColor+Extension.swift */ = {isa = PBXFileReference; lastKnownFileType = sourcecode.swift; path = "UIColor+Extension.swift"; sourceTree = "<group>"; };
		AF5DB6C029DC75C3002FD170 /* TodoApp.app */ = {isa = PBXFileReference; explicitFileType = wrapper.application; includeInIndex = 0; path = TodoApp.app; sourceTree = BUILT_PRODUCTS_DIR; };
		AF5DB6C329DC75C3002FD170 /* AppDelegate.swift */ = {isa = PBXFileReference; lastKnownFileType = sourcecode.swift; path = AppDelegate.swift; sourceTree = "<group>"; };
		AF5DB6C529DC75C3002FD170 /* SceneDelegate.swift */ = {isa = PBXFileReference; lastKnownFileType = sourcecode.swift; path = SceneDelegate.swift; sourceTree = "<group>"; };
		AF5DB6C729DC75C3002FD170 /* ViewController.swift */ = {isa = PBXFileReference; lastKnownFileType = sourcecode.swift; path = ViewController.swift; sourceTree = "<group>"; };
		AF5DB6CA29DC75C3002FD170 /* Base */ = {isa = PBXFileReference; lastKnownFileType = file.storyboard; name = Base; path = Base.lproj/Main.storyboard; sourceTree = "<group>"; };
		AF5DB6CD29DC75C3002FD170 /* TodoApp.xcdatamodel */ = {isa = PBXFileReference; lastKnownFileType = wrapper.xcdatamodel; path = TodoApp.xcdatamodel; sourceTree = "<group>"; };
		AF5DB6CF29DC75C4002FD170 /* Assets.xcassets */ = {isa = PBXFileReference; lastKnownFileType = folder.assetcatalog; path = Assets.xcassets; sourceTree = "<group>"; };
		AF5DB6D229DC75C4002FD170 /* Base */ = {isa = PBXFileReference; lastKnownFileType = file.storyboard; name = Base; path = Base.lproj/LaunchScreen.storyboard; sourceTree = "<group>"; };
		AF5DB6D429DC75C4002FD170 /* Info.plist */ = {isa = PBXFileReference; lastKnownFileType = text.plist.xml; path = Info.plist; sourceTree = "<group>"; };
		AF5DB6DC29DC815A002FD170 /* MemoData+CoreDataClass.swift */ = {isa = PBXFileReference; lastKnownFileType = sourcecode.swift; path = "MemoData+CoreDataClass.swift"; sourceTree = "<group>"; };
		AF5DB6DD29DC815A002FD170 /* MemoData+CoreDataProperties.swift */ = {isa = PBXFileReference; lastKnownFileType = sourcecode.swift; path = "MemoData+CoreDataProperties.swift"; sourceTree = "<group>"; };
		AF5DB6E429DC8BF7002FD170 /* MyColor.swift */ = {isa = PBXFileReference; lastKnownFileType = sourcecode.swift; path = MyColor.swift; sourceTree = "<group>"; };
		AF5DB6E629DC8D3A002FD170 /* ToDoCell.swift */ = {isa = PBXFileReference; lastKnownFileType = sourcecode.swift; path = ToDoCell.swift; sourceTree = "<group>"; };
/* End PBXFileReference section */

/* Begin PBXFrameworksBuildPhase section */
		AF5DB6BD29DC75C3002FD170 /* Frameworks */ = {
			isa = PBXFrameworksBuildPhase;
			buildActionMask = 2147483647;
			files = (
			);
			runOnlyForDeploymentPostprocessing = 0;
		};
/* End PBXFrameworksBuildPhase section */

/* Begin PBXGroup section */
		AF5DB6B729DC75C3002FD170 = {
			isa = PBXGroup;
			children = (
				AF5DB6C229DC75C3002FD170 /* TodoApp */,
				AF5DB6C129DC75C3002FD170 /* Products */,
			);
			sourceTree = "<group>";
		};
		AF5DB6C129DC75C3002FD170 /* Products */ = {
			isa = PBXGroup;
			children = (
				AF5DB6C029DC75C3002FD170 /* TodoApp.app */,
			);
			name = Products;
			sourceTree = "<group>";
		};
		AF5DB6C229DC75C3002FD170 /* TodoApp */ = {
			isa = PBXGroup;
			children = (
				AF5DB6C329DC75C3002FD170 /* AppDelegate.swift */,
				AF5DB6C529DC75C3002FD170 /* SceneDelegate.swift */,
				AF5DB6E329DC8BC5002FD170 /* Helpers */,
				AF5DB6E229DC8BBE002FD170 /* Models */,
				AF5DB6E129DC8BBB002FD170 /* Views */,
				AF5DB6E029DC8BB6002FD170 /* Controllers */,
				AF5DB6C929DC75C3002FD170 /* Main.storyboard */,
				AF5DB6CF29DC75C4002FD170 /* Assets.xcassets */,
				AF5DB6D129DC75C4002FD170 /* LaunchScreen.storyboard */,
				AF5DB6D429DC75C4002FD170 /* Info.plist */,
				AF5DB6CC29DC75C3002FD170 /* TodoApp.xcdatamodeld */,
			);
			path = TodoApp;
			sourceTree = "<group>";
		};
		AF5DB6E029DC8BB6002FD170 /* Controllers */ = {
			isa = PBXGroup;
			children = (
				AF5DB6C729DC75C3002FD170 /* ViewController.swift */,
				AF1A101E29DF3041004D90EF /* DetailViewController.swift */,
			);
			path = Controllers;
			sourceTree = "<group>";
		};
		AF5DB6E129DC8BBB002FD170 /* Views */ = {
			isa = PBXGroup;
			children = (
				AF5DB6E629DC8D3A002FD170 /* ToDoCell.swift */,
			);
			path = Views;
			sourceTree = "<group>";
		};
		AF5DB6E229DC8BBE002FD170 /* Models */ = {
			isa = PBXGroup;
			children = (
				AF5DB6DC29DC815A002FD170 /* MemoData+CoreDataClass.swift */,
				AF5DB6DD29DC815A002FD170 /* MemoData+CoreDataProperties.swift */,
				AF11677A29DC93F500059815 /* CoreDataManager.swift */,
			);
			path = Models;
			sourceTree = "<group>";
		};
		AF5DB6E329DC8BC5002FD170 /* Helpers */ = {
			isa = PBXGroup;
			children = (
				AF5DB6E429DC8BF7002FD170 /* MyColor.swift */,
				AF1A102029E07315004D90EF /* UIColor+Extension.swift */,
			);
			path = Helpers;
			sourceTree = "<group>";
		};
/* End PBXGroup section */

/* Begin PBXNativeTarget section */
		AF5DB6BF29DC75C3002FD170 /* TodoApp */ = {
			isa = PBXNativeTarget;
			buildConfigurationList = AF5DB6D729DC75C4002FD170 /* Build configuration list for PBXNativeTarget "TodoApp" */;
			buildPhases = (
				AF5DB6BC29DC75C3002FD170 /* Sources */,
				AF5DB6BD29DC75C3002FD170 /* Frameworks */,
				AF5DB6BE29DC75C3002FD170 /* Resources */,
			);
			buildRules = (
			);
			dependencies = (
			);
			name = TodoApp;
			productName = TodoApp;
			productReference = AF5DB6C029DC75C3002FD170 /* TodoApp.app */;
			productType = "com.apple.product-type.application";
		};
/* End PBXNativeTarget section */

/* Begin PBXProject section */
		AF5DB6B829DC75C3002FD170 /* Project object */ = {
			isa = PBXProject;
			attributes = {
				BuildIndependentTargetsInParallel = 1;
				LastSwiftUpdateCheck = 1420;
				LastUpgradeCheck = 1420;
				TargetAttributes = {
					AF5DB6BF29DC75C3002FD170 = {
						CreatedOnToolsVersion = 14.2;
					};
				};
			};
			buildConfigurationList = AF5DB6BB29DC75C3002FD170 /* Build configuration list for PBXProject "TodoApp" */;
			compatibilityVersion = "Xcode 14.0";
			developmentRegion = en;
			hasScannedForEncodings = 0;
			knownRegions = (
				en,
				Base,
			);
			mainGroup = AF5DB6B729DC75C3002FD170;
			productRefGroup = AF5DB6C129DC75C3002FD170 /* Products */;
			projectDirPath = "";
			projectRoot = "";
			targets = (
				AF5DB6BF29DC75C3002FD170 /* TodoApp */,
			);
		};
/* End PBXProject section */

/* Begin PBXResourcesBuildPhase section */
		AF5DB6BE29DC75C3002FD170 /* Resources */ = {
			isa = PBXResourcesBuildPhase;
			buildActionMask = 2147483647;
			files = (
				AF5DB6D329DC75C4002FD170 /* LaunchScreen.storyboard in Resources */,
				AF5DB6D029DC75C4002FD170 /* Assets.xcassets in Resources */,
				AF5DB6CB29DC75C3002FD170 /* Main.storyboard in Resources */,
			);
			runOnlyForDeploymentPostprocessing = 0;
		};
/* End PBXResourcesBuildPhase section */

/* Begin PBXSourcesBuildPhase section */
		AF5DB6BC29DC75C3002FD170 /* Sources */ = {
			isa = PBXSourcesBuildPhase;
			buildActionMask = 2147483647;
			files = (
				AF5DB6C829DC75C3002FD170 /* ViewController.swift in Sources */,
				AF5DB6C429DC75C3002FD170 /* AppDelegate.swift in Sources */,
				AF5DB6C629DC75C3002FD170 /* SceneDelegate.swift in Sources */,
				AF1A102129E07315004D90EF /* UIColor+Extension.swift in Sources */,
				AF5DB6DE29DC815A002FD170 /* MemoData+CoreDataClass.swift in Sources */,
				AF5DB6DF29DC815A002FD170 /* MemoData+CoreDataProperties.swift in Sources */,
				AF5DB6E529DC8BF7002FD170 /* MyColor.swift in Sources */,
				AF11677B29DC93F500059815 /* CoreDataManager.swift in Sources */,
				AF1A101F29DF3041004D90EF /* DetailViewController.swift in Sources */,
				AF5DB6CE29DC75C3002FD170 /* TodoApp.xcdatamodeld in Sources */,
				AF5DB6E729DC8D3A002FD170 /* ToDoCell.swift in Sources */,
			);
			runOnlyForDeploymentPostprocessing = 0;
		};
/* End PBXSourcesBuildPhase section */

/* Begin PBXVariantGroup section */
		AF5DB6C929DC75C3002FD170 /* Main.storyboard */ = {
			isa = PBXVariantGroup;
			children = (
				AF5DB6CA29DC75C3002FD170 /* Base */,
			);
			name = Main.storyboard;
			sourceTree = "<group>";
		};
		AF5DB6D129DC75C4002FD170 /* LaunchScreen.storyboard */ = {
			isa = PBXVariantGroup;
			children = (
				AF5DB6D229DC75C4002FD170 /* Base */,
			);
			name = LaunchScreen.storyboard;
			sourceTree = "<group>";
		};
/* End PBXVariantGroup section */

/* Begin XCBuildConfiguration section */
		AF5DB6D529DC75C4002FD170 /* Debug */ = {
			isa = XCBuildConfiguration;
			buildSettings = {
				ALWAYS_SEARCH_USER_PATHS = NO;
				CLANG_ANALYZER_NONNULL = YES;
				CLANG_ANALYZER_NUMBER_OBJECT_CONVERSION = YES_AGGRESSIVE;
				CLANG_CXX_LANGUAGE_STANDARD = "gnu++20";
				CLANG_ENABLE_MODULES = YES;
				CLANG_ENABLE_OBJC_ARC = YES;
				CLANG_ENABLE_OBJC_WEAK = YES;
				CLANG_WARN_BLOCK_CAPTURE_AUTORELEASING = YES;
				CLANG_WARN_BOOL_CONVERSION = YES;
				CLANG_WARN_COMMA = YES;
				CLANG_WARN_CONSTANT_CONVERSION = YES;
				CLANG_WARN_DEPRECATED_OBJC_IMPLEMENTATIONS = YES;
				CLANG_WARN_DIRECT_OBJC_ISA_USAGE = YES_ERROR;
				CLANG_WARN_DOCUMENTATION_COMMENTS = YES;
				CLANG_WARN_EMPTY_BODY = YES;
				CLANG_WARN_ENUM_CONVERSION = YES;
				CLANG_WARN_INFINITE_RECURSION = YES;
				CLANG_WARN_INT_CONVERSION = YES;
				CLANG_WARN_NON_LITERAL_NULL_CONVERSION = YES;
				CLANG_WARN_OBJC_IMPLICIT_RETAIN_SELF = YES;
				CLANG_WARN_OBJC_LITERAL_CONVERSION = YES;
				CLANG_WARN_OBJC_ROOT_CLASS = YES_ERROR;
				CLANG_WARN_QUOTED_INCLUDE_IN_FRAMEWORK_HEADER = YES;
				CLANG_WARN_RANGE_LOOP_ANALYSIS = YES;
				CLANG_WARN_STRICT_PROTOTYPES = YES;
				CLANG_WARN_SUSPICIOUS_MOVE = YES;
				CLANG_WARN_UNGUARDED_AVAILABILITY = YES_AGGRESSIVE;
				CLANG_WARN_UNREACHABLE_CODE = YES;
				CLANG_WARN__DUPLICATE_METHOD_MATCH = YES;
				COPY_PHASE_STRIP = NO;
				DEBUG_INFORMATION_FORMAT = dwarf;
				ENABLE_STRICT_OBJC_MSGSEND = YES;
				ENABLE_TESTABILITY = YES;
				GCC_C_LANGUAGE_STANDARD = gnu11;
				GCC_DYNAMIC_NO_PIC = NO;
				GCC_NO_COMMON_BLOCKS = YES;
				GCC_OPTIMIZATION_LEVEL = 0;
				GCC_PREPROCESSOR_DEFINITIONS = (
					"DEBUG=1",
					"$(inherited)",
				);
				GCC_WARN_64_TO_32_BIT_CONVERSION = YES;
				GCC_WARN_ABOUT_RETURN_TYPE = YES_ERROR;
				GCC_WARN_UNDECLARED_SELECTOR = YES;
				GCC_WARN_UNINITIALIZED_AUTOS = YES_AGGRESSIVE;
				GCC_WARN_UNUSED_FUNCTION = YES;
				GCC_WARN_UNUSED_VARIABLE = YES;
				IPHONEOS_DEPLOYMENT_TARGET = 16.2;
				MTL_ENABLE_DEBUG_INFO = INCLUDE_SOURCE;
				MTL_FAST_MATH = YES;
				ONLY_ACTIVE_ARCH = YES;
				SDKROOT = iphoneos;
				SWIFT_ACTIVE_COMPILATION_CONDITIONS = DEBUG;
				SWIFT_OPTIMIZATION_LEVEL = "-Onone";
			};
			name = Debug;
		};
		AF5DB6D629DC75C4002FD170 /* Release */ = {
			isa = XCBuildConfiguration;
			buildSettings = {
				ALWAYS_SEARCH_USER_PATHS = NO;
				CLANG_ANALYZER_NONNULL = YES;
				CLANG_ANALYZER_NUMBER_OBJECT_CONVERSION = YES_AGGRESSIVE;
				CLANG_CXX_LANGUAGE_STANDARD = "gnu++20";
				CLANG_ENABLE_MODULES = YES;
				CLANG_ENABLE_OBJC_ARC = YES;
				CLANG_ENABLE_OBJC_WEAK = YES;
				CLANG_WARN_BLOCK_CAPTURE_AUTORELEASING = YES;
				CLANG_WARN_BOOL_CONVERSION = YES;
				CLANG_WARN_COMMA = YES;
				CLANG_WARN_CONSTANT_CONVERSION = YES;
				CLANG_WARN_DEPRECATED_OBJC_IMPLEMENTATIONS = YES;
				CLANG_WARN_DIRECT_OBJC_ISA_USAGE = YES_ERROR;
				CLANG_WARN_DOCUMENTATION_COMMENTS = YES;
				CLANG_WARN_EMPTY_BODY = YES;
				CLANG_WARN_ENUM_CONVERSION = YES;
				CLANG_WARN_INFINITE_RECURSION = YES;
				CLANG_WARN_INT_CONVERSION = YES;
				CLANG_WARN_NON_LITERAL_NULL_CONVERSION = YES;
				CLANG_WARN_OBJC_IMPLICIT_RETAIN_SELF = YES;
				CLANG_WARN_OBJC_LITERAL_CONVERSION = YES;
				CLANG_WARN_OBJC_ROOT_CLASS = YES_ERROR;
				CLANG_WARN_QUOTED_INCLUDE_IN_FRAMEWORK_HEADER = YES;
				CLANG_WARN_RANGE_LOOP_ANALYSIS = YES;
				CLANG_WARN_STRICT_PROTOTYPES = YES;
				CLANG_WARN_SUSPICIOUS_MOVE = YES;
				CLANG_WARN_UNGUARDED_AVAILABILITY = YES_AGGRESSIVE;
				CLANG_WARN_UNREACHABLE_CODE = YES;
				CLANG_WARN__DUPLICATE_METHOD_MATCH = YES;
				COPY_PHASE_STRIP = NO;
				DEBUG_INFORMATION_FORMAT = "dwarf-with-dsym";
				ENABLE_NS_ASSERTIONS = NO;
				ENABLE_STRICT_OBJC_MSGSEND = YES;
				GCC_C_LANGUAGE_STANDARD = gnu11;
				GCC_NO_COMMON_BLOCKS = YES;
				GCC_WARN_64_TO_32_BIT_CONVERSION = YES;
				GCC_WARN_ABOUT_RETURN_TYPE = YES_ERROR;
				GCC_WARN_UNDECLARED_SELECTOR = YES;
				GCC_WARN_UNINITIALIZED_AUTOS = YES_AGGRESSIVE;
				GCC_WARN_UNUSED_FUNCTION = YES;
				GCC_WARN_UNUSED_VARIABLE = YES;
				IPHONEOS_DEPLOYMENT_TARGET = 16.2;
				MTL_ENABLE_DEBUG_INFO = NO;
				MTL_FAST_MATH = YES;
				SDKROOT = iphoneos;
				SWIFT_COMPILATION_MODE = wholemodule;
				SWIFT_OPTIMIZATION_LEVEL = "-O";
				VALIDATE_PRODUCT = YES;
			};
			name = Release;
		};
		AF5DB6D829DC75C4002FD170 /* Debug */ = {
			isa = XCBuildConfiguration;
			buildSettings = {
				ASSETCATALOG_COMPILER_APPICON_NAME = AppIcon;
				ASSETCATALOG_COMPILER_GLOBAL_ACCENT_COLOR_NAME = AccentColor;
				CODE_SIGN_STYLE = Automatic;
				CURRENT_PROJECT_VERSION = 1;
				GENERATE_INFOPLIST_FILE = YES;
				INFOPLIST_FILE = TodoApp/Info.plist;
				INFOPLIST_KEY_UIApplicationSupportsIndirectInputEvents = YES;
				INFOPLIST_KEY_UILaunchStoryboardName = LaunchScreen;
				INFOPLIST_KEY_UIMainStoryboardFile = Main;
				INFOPLIST_KEY_UISupportedInterfaceOrientations_iPad = "UIInterfaceOrientationPortrait UIInterfaceOrientationPortraitUpsideDown UIInterfaceOrientationLandscapeLeft UIInterfaceOrientationLandscapeRight";
				INFOPLIST_KEY_UISupportedInterfaceOrientations_iPhone = "UIInterfaceOrientationPortrait UIInterfaceOrientationLandscapeLeft UIInterfaceOrientationLandscapeRight";
				LD_RUNPATH_SEARCH_PATHS = (
					"$(inherited)",
					"@executable_path/Frameworks",
				);
				MARKETING_VERSION = 1.0;
				PRODUCT_BUNDLE_IDENTIFIER = com.Dalhyun.TodoApp;
				PRODUCT_NAME = "$(TARGET_NAME)";
				SWIFT_EMIT_LOC_STRINGS = YES;
				SWIFT_VERSION = 5.0;
				TARGETED_DEVICE_FAMILY = "1,2";
			};
			name = Debug;
		};
		AF5DB6D929DC75C4002FD170 /* Release */ = {
			isa = XCBuildConfiguration;
			buildSettings = {
				ASSETCATALOG_COMPILER_APPICON_NAME = AppIcon;
				ASSETCATALOG_COMPILER_GLOBAL_ACCENT_COLOR_NAME = AccentColor;
				CODE_SIGN_STYLE = Automatic;
				CURRENT_PROJECT_VERSION = 1;
				GENERATE_INFOPLIST_FILE = YES;
				INFOPLIST_FILE = TodoApp/Info.plist;
				INFOPLIST_KEY_UIApplicationSupportsIndirectInputEvents = YES;
				INFOPLIST_KEY_UILaunchStoryboardName = LaunchScreen;
				INFOPLIST_KEY_UIMainStoryboardFile = Main;
				INFOPLIST_KEY_UISupportedInterfaceOrientations_iPad = "UIInterfaceOrientationPortrait UIInterfaceOrientationPortraitUpsideDown UIInterfaceOrientationLandscapeLeft UIInterfaceOrientationLandscapeRight";
				INFOPLIST_KEY_UISupportedInterfaceOrientations_iPhone = "UIInterfaceOrientationPortrait UIInterfaceOrientationLandscapeLeft UIInterfaceOrientationLandscapeRight";
				LD_RUNPATH_SEARCH_PATHS = (
					"$(inherited)",
					"@executable_path/Frameworks",
				);
				MARKETING_VERSION = 1.0;
				PRODUCT_BUNDLE_IDENTIFIER = com.Dalhyun.TodoApp;
				PRODUCT_NAME = "$(TARGET_NAME)";
				SWIFT_EMIT_LOC_STRINGS = YES;
				SWIFT_VERSION = 5.0;
				TARGETED_DEVICE_FAMILY = "1,2";
			};
			name = Release;
		};
/* End XCBuildConfiguration section */

/* Begin XCConfigurationList section */
		AF5DB6BB29DC75C3002FD170 /* Build configuration list for PBXProject "TodoApp" */ = {
			isa = XCConfigurationList;
			buildConfigurations = (
				AF5DB6D529DC75C4002FD170 /* Debug */,
				AF5DB6D629DC75C4002FD170 /* Release */,
			);
			defaultConfigurationIsVisible = 0;
			defaultConfigurationName = Release;
		};
		AF5DB6D729DC75C4002FD170 /* Build configuration list for PBXNativeTarget "TodoApp" */ = {
			isa = XCConfigurationList;
			buildConfigurations = (
				AF5DB6D829DC75C4002FD170 /* Debug */,
				AF5DB6D929DC75C4002FD170 /* Release */,
			);
			defaultConfigurationIsVisible = 0;
			defaultConfigurationName = Release;
		};
/* End XCConfigurationList section */

/* Begin XCVersionGroup section */
		AF5DB6CC29DC75C3002FD170 /* TodoApp.xcdatamodeld */ = {
			isa = XCVersionGroup;
			children = (
				AF5DB6CD29DC75C3002FD170 /* TodoApp.xcdatamodel */,
			);
			currentVersion = AF5DB6CD29DC75C3002FD170 /* TodoApp.xcdatamodel */;
			path = TodoApp.xcdatamodeld;
			sourceTree = "<group>";
			versionGroupType = wrapper.xcdatamodel;
		};
/* End XCVersionGroup section */
	};
	rootObject = AF5DB6B829DC75C3002FD170 /* Project object */;
}
